[{<<"elli">>,
  {git,"git://github.com/knutin/elli.git",
       {ref,"0cae1521190459bdb16958be7350191df710d799"}},
  0},
 {<<"goldrush">>,
  {git,"git://github.com/DeadZen/goldrush.git",
       {ref,"212299233c7e7eb63a97be2777e1c05ebaa58dbe"}},
  1},
 {<<"gproc">>,
  {git,"http://github.com/esl/gproc.git",
       {ref,"1f12fbf6fd75cb4fa6e7b38f331fe3e1fdd2adf0"}},
  0},
 {<<"jiffy">>,
  {git,"git://github.com/davisp/jiffy.git",
       {ref,"330f41c486cf949707eb494b855634df324a6d92"}},
  0},
 {<<"lager">>,
  {git,"git://github.com/basho/lager.git",
       {ref,"45fe95ba6cd964b7a667394c4e671a5afe8f5a42"}},
  0},
 {<<"quickrand">>,
  {git,"https://github.com/okeuday/quickrand.git",
       {ref,"177b345e579101512371698569e57382a6411ce6"}},
  1},
 {<<"uuid">>,
  {git,"git://github.com/okeuday/uuid.git",
       {ref,"d6ca796335a79079d28e71be519d691ed4380cac"}},
  0},
 {<<"yamerl">>,
  {git,"https://github.com/yakaz/yamerl.git",
       {ref,"ae810a808817d9482b4628ae3e20d746e3729fe0"}},
  0}].
